
Microsoft Visual Studio Solution File, Format Version 12.00
# Visual Studio Version 16
VisualStudioVersion = 16.0.29025.244
MinimumVisualStudioVersion = 10.0.40219.1
Project("{FAE04EC0-301F-11D3-BF4B-00C04F79EFBC}") = "RichTextBoxAsync", "RichTextBoxAsync\RichTextBoxAsync.csproj", "{412C40E6-0BD3-485C-9510-20DEF159049A}"
EndProject
Global
	GlobalSection(SolutionConfigurationPlatforms) = preSolution
		Debug|Any CPU = Debug|Any CPU
		Release|Any CPU = Release|Any CPU
	EndGlobalSection
	GlobalSection(ProjectConfigurationPlatforms) = postSolution
		{412C40E6-0BD3-485C-9510-20DEF159049A}.Debug|Any CPU.ActiveCfg = Debug|Any CPU
		{412C40E6-0BD3-485C-9510-20DEF159049A}.Debug|Any CPU.Build.0 = Debug|Any CPU
		{412C40E6-0BD3-485C-9510-20DEF159049A}.Release|Any CPU.ActiveCfg = Release|Any CPU
		{412C40E6-0BD3-485C-9510-20DEF159049A}.Release|Any CPU.Build.0 = Release|Any CPU
	EndGlobalSection
	GlobalSection(SolutionProperties) = preSolution
		HideSolutionNode = FALSE
	EndGlobalSection
	GlobalSection(ExtensibilityGlobals) = postSolution
		SolutionGuid = {BAC25274-5005-4BB3-A594-BA30082D77EA}
	EndGlobalSection
EndGlobal
